
Microsoft Visual Studio Solution File, Format Version 12.00
# Visual Studio Version 17
VisualStudioVersion = 17.13.35825.156
MinimumVisualStudioVersion = 10.0.40219.1
Project("{2150E333-8FDC-42A3-9474-1A3956D46DE8}") = "Services", "Services", "{02EA681E-C7D8-13C7-8484-4AC65E1B71E8}"
EndProject
Project("{2150E333-8FDC-42A3-9474-1A3956D46DE8}") = "Catalog", "Catalog", "{014154ED-A3DC-479C-A140-E3ABB2987CD7}"
EndProject
Project("{FAE04EC0-301F-11D3-BF4B-00C04F79EFBC}") = "Catalog.Api", "Services\Catalog\Catalog.Api\Catalog.Api.csproj", "{298943C7-F1DB-48DF-BA55-E23D40FD0418}"
EndProject
Project("{2150E333-8FDC-42A3-9474-1A3956D46DE8}") = "BuildingBlocks", "BuildingBlocks", "{50830D10-67CE-4673-8A4E-9051A6F27665}"
EndProject
Project("{FAE04EC0-301F-11D3-BF4B-00C04F79EFBC}") = "BuildingBlocks", "BuildingBlocks\BuildingBlocks\BuildingBlocks.csproj", "{7FEE5E19-4BCD-41AF-A975-B977DF612B63}"
EndProject
Project("{E53339B2-1760-4266-BCC7-CA923CBCF16C}") = "docker-compose", "docker-compose.dcproj", "{81DDED9D-158B-E303-5F62-77A2896D2A5A}"
EndProject
Global
	GlobalSection(SolutionConfigurationPlatforms) = preSolution
		Debug|Any CPU = Debug|Any CPU
		Release|Any CPU = Release|Any CPU
	EndGlobalSection
	GlobalSection(ProjectConfigurationPlatforms) = postSolution
		{298943C7-F1DB-48DF-BA55-E23D40FD0418}.Debug|Any CPU.ActiveCfg = Debug|Any CPU
		{298943C7-F1DB-48DF-BA55-E23D40FD0418}.Debug|Any CPU.Build.0 = Debug|Any CPU
		{298943C7-F1DB-48DF-BA55-E23D40FD0418}.Release|Any CPU.ActiveCfg = Release|Any CPU
		{298943C7-F1DB-48DF-BA55-E23D40FD0418}.Release|Any CPU.Build.0 = Release|Any CPU
		{7FEE5E19-4BCD-41AF-A975-B977DF612B63}.Debug|Any CPU.ActiveCfg = Debug|Any CPU
		{7FEE5E19-4BCD-41AF-A975-B977DF612B63}.Debug|Any CPU.Build.0 = Debug|Any CPU
		{7FEE5E19-4BCD-41AF-A975-B977DF612B63}.Release|Any CPU.ActiveCfg = Release|Any CPU
		{7FEE5E19-4BCD-41AF-A975-B977DF612B63}.Release|Any CPU.Build.0 = Release|Any CPU
		{81DDED9D-158B-E303-5F62-77A2896D2A5A}.Debug|Any CPU.ActiveCfg = Debug|Any CPU
		{81DDED9D-158B-E303-5F62-77A2896D2A5A}.Debug|Any CPU.Build.0 = Debug|Any CPU
		{81DDED9D-158B-E303-5F62-77A2896D2A5A}.Release|Any CPU.ActiveCfg = Release|Any CPU
		{81DDED9D-158B-E303-5F62-77A2896D2A5A}.Release|Any CPU.Build.0 = Release|Any CPU
	EndGlobalSection
	GlobalSection(SolutionProperties) = preSolution
		HideSolutionNode = FALSE
	EndGlobalSection
	GlobalSection(NestedProjects) = preSolution
		{014154ED-A3DC-479C-A140-E3ABB2987CD7} = {02EA681E-C7D8-13C7-8484-4AC65E1B71E8}
		{298943C7-F1DB-48DF-BA55-E23D40FD0418} = {014154ED-A3DC-479C-A140-E3ABB2987CD7}
		{7FEE5E19-4BCD-41AF-A975-B977DF612B63} = {50830D10-67CE-4673-8A4E-9051A6F27665}
	EndGlobalSection
	GlobalSection(ExtensibilityGlobals) = postSolution
		SolutionGuid = {5ACD0F6A-C788-49B6-BC27-3238A6ED496D}
	EndGlobalSection
EndGlobal
